
Microsoft Visual Studio Solution File, Format Version 12.00
# Visual Studio Version 16
VisualStudioVersion = 16.0.31515.178
MinimumVisualStudioVersion = 10.0.40219.1
Project("{FAE04EC0-301F-11D3-BF4B-00C04F79EFBC}") = "TetrisGUI", "TetrisGUI.csproj", "{DB915682-76F5-4FE0-A2EE-DE67E72C69CE}"
EndProject
Global
	GlobalSection(SolutionConfigurationPlatforms) = preSolution
		Debug|Any CPU = Debug|Any CPU
		Release|Any CPU = Release|Any CPU
	EndGlobalSection
	GlobalSection(ProjectConfigurationPlatforms) = postSolution
		{DB915682-76F5-4FE0-A2EE-DE67E72C69CE}.Debug|Any CPU.ActiveCfg = Debug|Any CPU
		{DB915682-76F5-4FE0-A2EE-DE67E72C69CE}.Debug|Any CPU.Build.0 = Debug|Any CPU
		{DB915682-76F5-4FE0-A2EE-DE67E72C69CE}.Release|Any CPU.ActiveCfg = Release|Any CPU
		{DB915682-76F5-4FE0-A2EE-DE67E72C69CE}.Release|Any CPU.Build.0 = Release|Any CPU
	EndGlobalSection
	GlobalSection(SolutionProperties) = preSolution
		HideSolutionNode = FALSE
	EndGlobalSection
	GlobalSection(ExtensibilityGlobals) = postSolution
		SolutionGuid = {71949DD3-CDDB-4E32-97D9-919AEF35FCEA}
	EndGlobalSection
EndGlobal
